
Microsoft Visual Studio Solution File, Format Version 12.00
# Visual Studio 15
VisualStudioVersion = 15.0.28307.902
MinimumVisualStudioVersion = 10.0.40219.1
Project("{FAE04EC0-301F-11D3-BF4B-00C04F79EFBC}") = "softwareTest1", "softwareTest1\softwareTest1.csproj", "{D53E36CC-6D91-41EB-BF0F-C184F0D182A4}"
EndProject
Global
	GlobalSection(SolutionConfigurationPlatforms) = preSolution
		Debug|Any CPU = Debug|Any CPU
		Release|Any CPU = Release|Any CPU
	EndGlobalSection
	GlobalSection(ProjectConfigurationPlatforms) = postSolution
		{D53E36CC-6D91-41EB-BF0F-C184F0D182A4}.Debug|Any CPU.ActiveCfg = Debug|Any CPU
		{D53E36CC-6D91-41EB-BF0F-C184F0D182A4}.Debug|Any CPU.Build.0 = Debug|Any CPU
		{D53E36CC-6D91-41EB-BF0F-C184F0D182A4}.Release|Any CPU.ActiveCfg = Release|Any CPU
		{D53E36CC-6D91-41EB-BF0F-C184F0D182A4}.Release|Any CPU.Build.0 = Release|Any CPU
	EndGlobalSection
	GlobalSection(SolutionProperties) = preSolution
		HideSolutionNode = FALSE
	EndGlobalSection
	GlobalSection(ExtensibilityGlobals) = postSolution
		SolutionGuid = {D7FF76A4-1050-45B3-BA1F-AE48BC489AAB}
	EndGlobalSection
EndGlobal
